// !$*UTF8*$!
{
	archiveVersion = 1;
	classes = {
	};
	objectVersion = 50;
	objects = {

/* Begin PBXBuildFile section */
		7079406E25D135670073315D /* AppDelegate.swift in Sources */ = {isa = PBXBuildFile; fileRef = 7079406D25D135670073315D /* AppDelegate.swift */; };
		7079407025D135670073315D /* SceneDelegate.swift in Sources */ = {isa = PBXBuildFile; fileRef = 7079406F25D135670073315D /* SceneDelegate.swift */; };
		7079407225D135670073315D /* ViewController.swift in Sources */ = {isa = PBXBuildFile; fileRef = 7079407125D135670073315D /* ViewController.swift */; };
		7079407525D135680073315D /* Main.storyboard in Resources */ = {isa = PBXBuildFile; fileRef = 7079407325D135670073315D /* Main.storyboard */; };
		7079407725D135690073315D /* Assets.xcassets in Resources */ = {isa = PBXBuildFile; fileRef = 7079407625D135690073315D /* Assets.xcassets */; };
		7079407A25D135690073315D /* LaunchScreen.storyboard in Resources */ = {isa = PBXBuildFile; fileRef = 7079407825D135690073315D /* LaunchScreen.storyboard */; };
		7079408325D138190073315D /* ListViewController.swift in Sources */ = {isa = PBXBuildFile; fileRef = 7079408225D138190073315D /* ListViewController.swift */; };
		7079408925D14D930073315D /* MovieCell.swift in Sources */ = {isa = PBXBuildFile; fileRef = 7079408825D14D930073315D /* MovieCell.swift */; };
		7079409A25D186F30073315D /* secret.jpg in Resources */ = {isa = PBXBuildFile; fileRef = 7079409725D186F20073315D /* secret.jpg */; };
		7079409B25D186F30073315D /* rain.jpg in Resources */ = {isa = PBXBuildFile; fileRef = 7079409825D186F20073315D /* rain.jpg */; };
		7079409C25D186F30073315D /* darknight.jpg in Resources */ = {isa = PBXBuildFile; fileRef = 7079409925D186F30073315D /* darknight.jpg */; };
		707940D725D927D50073315D /* MovieVO.swift in Sources */ = {isa = PBXBuildFile; fileRef = 707940D625D927D50073315D /* MovieVO.swift */; };
		70A4908225DBA2B700F7C3D7 /* DetailViewController.swift in Sources */ = {isa = PBXBuildFile; fileRef = 70A4908125DBA2B700F7C3D7 /* DetailViewController.swift */; };
		70A4908525DBAFD700F7C3D7 /* TheaterCell.swift in Sources */ = {isa = PBXBuildFile; fileRef = 70A4908425DBAFD600F7C3D7 /* TheaterCell.swift */; };
		70A4908825DBB0DC00F7C3D7 /* TheaterListViewController.swift in Sources */ = {isa = PBXBuildFile; fileRef = 70A4908725DBB0DC00F7C3D7 /* TheaterListViewController.swift */; };
/* End PBXBuildFile section */

/* Begin PBXFileReference section */
		7079406A25D135670073315D /* Movie.app */ = {isa = PBXFileReference; explicitFileType = wrapper.application; includeInIndex = 0; path = Movie.app; sourceTree = BUILT_PRODUCTS_DIR; };
		7079406D25D135670073315D /* AppDelegate.swift */ = {isa = PBXFileReference; lastKnownFileType = sourcecode.swift; path = AppDelegate.swift; sourceTree = "<group>"; };
		7079406F25D135670073315D /* SceneDelegate.swift */ = {isa = PBXFileReference; lastKnownFileType = sourcecode.swift; path = SceneDelegate.swift; sourceTree = "<group>"; };
		7079407125D135670073315D /* ViewController.swift */ = {isa = PBXFileReference; lastKnownFileType = sourcecode.swift; path = ViewController.swift; sourceTree = "<group>"; };
		7079407425D135670073315D /* Base */ = {isa = PBXFileReference; lastKnownFileType = file.storyboard; name = Base; path = Base.lproj/Main.storyboard; sourceTree = "<group>"; };
		7079407625D135690073315D /* Assets.xcassets */ = {isa = PBXFileReference; lastKnownFileType = folder.assetcatalog; path = Assets.xcassets; sourceTree = "<group>"; };
		7079407925D135690073315D /* Base */ = {isa = PBXFileReference; lastKnownFileType = file.storyboard; name = Base; path = Base.lproj/LaunchScreen.storyboard; sourceTree = "<group>"; };
		7079407B25D135690073315D /* Info.plist */ = {isa = PBXFileReference; lastKnownFileType = text.plist.xml; path = Info.plist; sourceTree = "<group>"; };
		7079408225D138190073315D /* ListViewController.swift */ = {isa = PBXFileReference; lastKnownFileType = sourcecode.swift; path = ListViewController.swift; sourceTree = "<group>"; };
		7079408825D14D930073315D /* MovieCell.swift */ = {isa = PBXFileReference; lastKnownFileType = sourcecode.swift; path = MovieCell.swift; sourceTree = "<group>"; };
		7079409725D186F20073315D /* secret.jpg */ = {isa = PBXFileReference; lastKnownFileType = image.jpeg; path = secret.jpg; sourceTree = "<group>"; };
		7079409825D186F20073315D /* rain.jpg */ = {isa = PBXFileReference; lastKnownFileType = image.jpeg; path = rain.jpg; sourceTree = "<group>"; };
		7079409925D186F30073315D /* darknight.jpg */ = {isa = PBXFileReference; lastKnownFileType = image.jpeg; path = darknight.jpg; sourceTree = "<group>"; };
		707940D625D927D50073315D /* MovieVO.swift */ = {isa = PBXFileReference; lastKnownFileType = sourcecode.swift; path = MovieVO.swift; sourceTree = "<group>"; };
		70A4908125DBA2B700F7C3D7 /* DetailViewController.swift */ = {isa = PBXFileReference; lastKnownFileType = sourcecode.swift; path = DetailViewController.swift; sourceTree = "<group>"; };
		70A4908425DBAFD600F7C3D7 /* TheaterCell.swift */ = {isa = PBXFileReference; lastKnownFileType = sourcecode.swift; path = TheaterCell.swift; sourceTree = "<group>"; };
		70A4908725DBB0DC00F7C3D7 /* TheaterListViewController.swift */ = {isa = PBXFileReference; lastKnownFileType = sourcecode.swift; path = TheaterListViewController.swift; sourceTree = "<group>"; };
/* End PBXFileReference section */

/* Begin PBXFrameworksBuildPhase section */
		7079406725D135670073315D /* Frameworks */ = {
			isa = PBXFrameworksBuildPhase;
			buildActionMask = 2147483647;
			files = (
			);
			runOnlyForDeploymentPostprocessing = 0;
		};
/* End PBXFrameworksBuildPhase section */

/* Begin PBXGroup section */
		7079406125D135670073315D = {
			isa = PBXGroup;
			children = (
				7079406C25D135670073315D /* Movie */,
				7079406B25D135670073315D /* Products */,
			);
			sourceTree = "<group>";
		};
		7079406B25D135670073315D /* Products */ = {
			isa = PBXGroup;
			children = (
				7079406A25D135670073315D /* Movie.app */,
			);
			name = Products;
			sourceTree = "<group>";
		};
		7079406C25D135670073315D /* Movie */ = {
			isa = PBXGroup;
			children = (
				7079408C25D186830073315D /* Resources */,
				7079406D25D135670073315D /* AppDelegate.swift */,
				7079406F25D135670073315D /* SceneDelegate.swift */,
				7079407125D135670073315D /* ViewController.swift */,
				707940D625D927D50073315D /* MovieVO.swift */,
				7079407325D135670073315D /* Main.storyboard */,
				70A4908725DBB0DC00F7C3D7 /* TheaterListViewController.swift */,
				70A4908425DBAFD600F7C3D7 /* TheaterCell.swift */,
				70A4908125DBA2B700F7C3D7 /* DetailViewController.swift */,
				7079408825D14D930073315D /* MovieCell.swift */,
				7079408225D138190073315D /* ListViewController.swift */,
				7079407625D135690073315D /* Assets.xcassets */,
				7079407825D135690073315D /* LaunchScreen.storyboard */,
				7079407B25D135690073315D /* Info.plist */,
			);
			path = Movie;
			sourceTree = "<group>";
		};
		7079408C25D186830073315D /* Resources */ = {
			isa = PBXGroup;
			children = (
				7079409925D186F30073315D /* darknight.jpg */,
				7079409825D186F20073315D /* rain.jpg */,
				7079409725D186F20073315D /* secret.jpg */,
			);
			path = Resources;
			sourceTree = "<group>";
		};
/* End PBXGroup section */

/* Begin PBXNativeTarget section */
		7079406925D135670073315D /* Movie */ = {
			isa = PBXNativeTarget;
			buildConfigurationList = 7079407E25D135690073315D /* Build configuration list for PBXNativeTarget "Movie" */;
			buildPhases = (
				7079406625D135670073315D /* Sources */,
				7079406725D135670073315D /* Frameworks */,
				7079406825D135670073315D /* Resources */,
			);
			buildRules = (
			);
			dependencies = (
			);
			name = Movie;
			productName = Movie;
			productReference = 7079406A25D135670073315D /* Movie.app */;
			productType = "com.apple.product-type.application";
		};
/* End PBXNativeTarget section */

/* Begin PBXProject section */
		7079406225D135670073315D /* Project object */ = {
			isa = PBXProject;
			attributes = {
				LastSwiftUpdateCheck = 1230;
				LastUpgradeCheck = 1230;
				TargetAttributes = {
					7079406925D135670073315D = {
						CreatedOnToolsVersion = 12.3;
					};
				};
			};
			buildConfigurationList = 7079406525D135670073315D /* Build configuration list for PBXProject "Movie" */;
			compatibilityVersion = "Xcode 9.3";
			developmentRegion = en;
			hasScannedForEncodings = 0;
			knownRegions = (
				en,
				Base,
			);
			mainGroup = 7079406125D135670073315D;
			productRefGroup = 7079406B25D135670073315D /* Products */;
			projectDirPath = "";
			projectRoot = "";
			targets = (
				7079406925D135670073315D /* Movie */,
			);
		};
/* End PBXProject section */

/* Begin PBXResourcesBuildPhase section */
		7079406825D135670073315D /* Resources */ = {
			isa = PBXResourcesBuildPhase;
			buildActionMask = 2147483647;
			files = (
				7079409C25D186F30073315D /* darknight.jpg in Resources */,
				7079407A25D135690073315D /* LaunchScreen.storyboard in Resources */,
				7079409B25D186F30073315D /* rain.jpg in Resources */,
				7079407725D135690073315D /* Assets.xcassets in Resources */,
				7079407525D135680073315D /* Main.storyboard in Resources */,
				7079409A25D186F30073315D /* secret.jpg in Resources */,
			);
			runOnlyForDeploymentPostprocessing = 0;
		};
/* End PBXResourcesBuildPhase section */

/* Begin PBXSourcesBuildPhase section */
		7079406625D135670073315D /* Sources */ = {
			isa = PBXSourcesBuildPhase;
			buildActionMask = 2147483647;
			files = (
				7079407225D135670073315D /* ViewController.swift in Sources */,
				70A4908525DBAFD700F7C3D7 /* TheaterCell.swift in Sources */,
				7079406E25D135670073315D /* AppDelegate.swift in Sources */,
				7079408925D14D930073315D /* MovieCell.swift in Sources */,
				70A4908825DBB0DC00F7C3D7 /* TheaterListViewController.swift in Sources */,
				707940D725D927D50073315D /* MovieVO.swift in Sources */,
				7079408325D138190073315D /* ListViewController.swift in Sources */,
				7079407025D135670073315D /* SceneDelegate.swift in Sources */,
				70A4908225DBA2B700F7C3D7 /* DetailViewController.swift in Sources */,
			);
			runOnlyForDeploymentPostprocessing = 0;
		};
/* End PBXSourcesBuildPhase section */

/* Begin PBXVariantGroup section */
		7079407325D135670073315D /* Main.storyboard */ = {
			isa = PBXVariantGroup;
			children = (
				7079407425D135670073315D /* Base */,
			);
			name = Main.storyboard;
			sourceTree = "<group>";
		};
		7079407825D135690073315D /* LaunchScreen.storyboard */ = {
			isa = PBXVariantGroup;
			children = (
				7079407925D135690073315D /* Base */,
			);
			name = LaunchScreen.storyboard;
			sourceTree = "<group>";
		};
/* End PBXVariantGroup section */

/* Begin XCBuildConfiguration section */
		7079407C25D135690073315D /* Debug */ = {
			isa = XCBuildConfiguration;
			buildSettings = {
				ALWAYS_SEARCH_USER_PATHS = NO;
				CLANG_ANALYZER_NONNULL = YES;
				CLANG_ANALYZER_NUMBER_OBJECT_CONVERSION = YES_AGGRESSIVE;
				CLANG_CXX_LANGUAGE_STANDARD = "gnu++14";
				CLANG_CXX_LIBRARY = "libc++";
				CLANG_ENABLE_MODULES = YES;
				CLANG_ENABLE_OBJC_ARC = YES;
				CLANG_ENABLE_OBJC_WEAK = YES;
				CLANG_WARN_BLOCK_CAPTURE_AUTORELEASING = YES;
				CLANG_WARN_BOOL_CONVERSION = YES;
				CLANG_WARN_COMMA = YES;
				CLANG_WARN_CONSTANT_CONVERSION = YES;
				CLANG_WARN_DEPRECATED_OBJC_IMPLEMENTATIONS = YES;
				CLANG_WARN_DIRECT_OBJC_ISA_USAGE = YES_ERROR;
				CLANG_WARN_DOCUMENTATION_COMMENTS = YES;
				CLANG_WARN_EMPTY_BODY = YES;
				CLANG_WARN_ENUM_CONVERSION = YES;
				CLANG_WARN_INFINITE_RECURSION = YES;
				CLANG_WARN_INT_CONVERSION = YES;
				CLANG_WARN_NON_LITERAL_NULL_CONVERSION = YES;
				CLANG_WARN_OBJC_IMPLICIT_RETAIN_SELF = YES;
				CLANG_WARN_OBJC_LITERAL_CONVERSION = YES;
				CLANG_WARN_OBJC_ROOT_CLASS = YES_ERROR;
				CLANG_WARN_QUOTED_INCLUDE_IN_FRAMEWORK_HEADER = YES;
				CLANG_WARN_RANGE_LOOP_ANALYSIS = YES;
				CLANG_WARN_STRICT_PROTOTYPES = YES;
				CLANG_WARN_SUSPICIOUS_MOVE = YES;
				CLANG_WARN_UNGUARDED_AVAILABILITY = YES_AGGRESSIVE;
				CLANG_WARN_UNREACHABLE_CODE = YES;
				CLANG_WARN__DUPLICATE_METHOD_MATCH = YES;
				COPY_PHASE_STRIP = NO;
				DEBUG_INFORMATION_FORMAT = dwarf;
				ENABLE_STRICT_OBJC_MSGSEND = YES;
				ENABLE_TESTABILITY = YES;
				GCC_C_LANGUAGE_STANDARD = gnu11;
				GCC_DYNAMIC_NO_PIC = NO;
				GCC_NO_COMMON_BLOCKS = YES;
				GCC_OPTIMIZATION_LEVEL = 0;
				GCC_PREPROCESSOR_DEFINITIONS = (
					"DEBUG=1",
					"$(inherited)",
				);
				GCC_WARN_64_TO_32_BIT_CONVERSION = YES;
				GCC_WARN_ABOUT_RETURN_TYPE = YES_ERROR;
				GCC_WARN_UNDECLARED_SELECTOR = YES;
				GCC_WARN_UNINITIALIZED_AUTOS = YES_AGGRESSIVE;
				GCC_WARN_UNUSED_FUNCTION = YES;
				GCC_WARN_UNUSED_VARIABLE = YES;
				IPHONEOS_DEPLOYMENT_TARGET = 14.3;
				MTL_ENABLE_DEBUG_INFO = INCLUDE_SOURCE;
				MTL_FAST_MATH = YES;
				ONLY_ACTIVE_ARCH = YES;
				SDKROOT = iphoneos;
				SWIFT_ACTIVE_COMPILATION_CONDITIONS = DEBUG;
				SWIFT_OPTIMIZATION_LEVEL = "-Onone";
			};
			name = Debug;
		};
		7079407D25D135690073315D /* Release */ = {
			isa = XCBuildConfiguration;
			buildSettings = {
				ALWAYS_SEARCH_USER_PATHS = NO;
				CLANG_ANALYZER_NONNULL = YES;
				CLANG_ANALYZER_NUMBER_OBJECT_CONVERSION = YES_AGGRESSIVE;
				CLANG_CXX_LANGUAGE_STANDARD = "gnu++14";
				CLANG_CXX_LIBRARY = "libc++";
				CLANG_ENABLE_MODULES = YES;
				CLANG_ENABLE_OBJC_ARC = YES;
				CLANG_ENABLE_OBJC_WEAK = YES;
				CLANG_WARN_BLOCK_CAPTURE_AUTORELEASING = YES;
				CLANG_WARN_BOOL_CONVERSION = YES;
				CLANG_WARN_COMMA = YES;
				CLANG_WARN_CONSTANT_CONVERSION = YES;
				CLANG_WARN_DEPRECATED_OBJC_IMPLEMENTATIONS = YES;
				CLANG_WARN_DIRECT_OBJC_ISA_USAGE = YES_ERROR;
				CLANG_WARN_DOCUMENTATION_COMMENTS = YES;
				CLANG_WARN_EMPTY_BODY = YES;
				CLANG_WARN_ENUM_CONVERSION = YES;
				CLANG_WARN_INFINITE_RECURSION = YES;
				CLANG_WARN_INT_CONVERSION = YES;
				CLANG_WARN_NON_LITERAL_NULL_CONVERSION = YES;
				CLANG_WARN_OBJC_IMPLICIT_RETAIN_SELF = YES;
				CLANG_WARN_OBJC_LITERAL_CONVERSION = YES;
				CLANG_WARN_OBJC_ROOT_CLASS = YES_ERROR;
				CLANG_WARN_QUOTED_INCLUDE_IN_FRAMEWORK_HEADER = YES;
				CLANG_WARN_RANGE_LOOP_ANALYSIS = YES;
				CLANG_WARN_STRICT_PROTOTYPES = YES;
				CLANG_WARN_SUSPICIOUS_MOVE = YES;
				CLANG_WARN_UNGUARDED_AVAILABILITY = YES_AGGRESSIVE;
				CLANG_WARN_UNREACHABLE_CODE = YES;
				CLANG_WARN__DUPLICATE_METHOD_MATCH = YES;
				COPY_PHASE_STRIP = NO;
				DEBUG_INFORMATION_FORMAT = "dwarf-with-dsym";
				ENABLE_NS_ASSERTIONS = NO;
				ENABLE_STRICT_OBJC_MSGSEND = YES;
				GCC_C_LANGUAGE_STANDARD = gnu11;
				GCC_NO_COMMON_BLOCKS = YES;
				GCC_WARN_64_TO_32_BIT_CONVERSION = YES;
				GCC_WARN_ABOUT_RETURN_TYPE = YES_ERROR;
				GCC_WARN_UNDECLARED_SELECTOR = YES;
				GCC_WARN_UNINITIALIZED_AUTOS = YES_AGGRESSIVE;
				GCC_WARN_UNUSED_FUNCTION = YES;
				GCC_WARN_UNUSED_VARIABLE = YES;
				IPHONEOS_DEPLOYMENT_TARGET = 14.3;
				MTL_ENABLE_DEBUG_INFO = NO;
				MTL_FAST_MATH = YES;
				SDKROOT = iphoneos;
				SWIFT_COMPILATION_MODE = wholemodule;
				SWIFT_OPTIMIZATION_LEVEL = "-O";
				VALIDATE_PRODUCT = YES;
			};
			name = Release;
		};
		7079407F25D135690073315D /* Debug */ = {
			isa = XCBuildConfiguration;
			buildSettings = {
				ASSETCATALOG_COMPILER_APPICON_NAME = AppIcon;
				ASSETCATALOG_COMPILER_GLOBAL_ACCENT_COLOR_NAME = AccentColor;
				CODE_SIGN_STYLE = Automatic;
				DEVELOPMENT_TEAM = 6925UVH9D7;
				INFOPLIST_FILE = Movie/Info.plist;
				LD_RUNPATH_SEARCH_PATHS = (
					"$(inherited)",
					"@executable_path/Frameworks",
				);
				PRODUCT_BUNDLE_IDENTIFIER = com.jenny.Movie;
				PRODUCT_NAME = "$(TARGET_NAME)";
				SWIFT_VERSION = 5.0;
				TARGETED_DEVICE_FAMILY = "1,2";
			};
			name = Debug;
		};
		7079408025D135690073315D /* Release */ = {
			isa = XCBuildConfiguration;
			buildSettings = {
				ASSETCATALOG_COMPILER_APPICON_NAME = AppIcon;
				ASSETCATALOG_COMPILER_GLOBAL_ACCENT_COLOR_NAME = AccentColor;
				CODE_SIGN_STYLE = Automatic;
				DEVELOPMENT_TEAM = 6925UVH9D7;
				INFOPLIST_FILE = Movie/Info.plist;
				LD_RUNPATH_SEARCH_PATHS = (
					"$(inherited)",
					"@executable_path/Frameworks",
				);
				PRODUCT_BUNDLE_IDENTIFIER = com.jenny.Movie;
				PRODUCT_NAME = "$(TARGET_NAME)";
				SWIFT_VERSION = 5.0;
				TARGETED_DEVICE_FAMILY = "1,2";
			};
			name = Release;
		};
/* End XCBuildConfiguration section */

/* Begin XCConfigurationList section */
		7079406525D135670073315D /* Build configuration list for PBXProject "Movie" */ = {
			isa = XCConfigurationList;
			buildConfigurations = (
				7079407C25D135690073315D /* Debug */,
				7079407D25D135690073315D /* Release */,
			);
			defaultConfigurationIsVisible = 0;
			defaultConfigurationName = Release;
		};
		7079407E25D135690073315D /* Build configuration list for PBXNativeTarget "Movie" */ = {
			isa = XCConfigurationList;
			buildConfigurations = (
				7079407F25D135690073315D /* Debug */,
				7079408025D135690073315D /* Release */,
			);
			defaultConfigurationIsVisible = 0;
			defaultConfigurationName = Release;
		};
/* End XCConfigurationList section */
	};
	rootObject = 7079406225D135670073315D /* Project object */;
}
